// !$*UTF8*$!
{
	archiveVersion = 1;
	classes = {
	};
	objectVersion = 56;
	objects = {

/* Begin PBXBuildFile section */
		55FD4FFA2929EE400022A158 /* TestConcurrencyApp.swift in Sources */ = {isa = PBXBuildFile; fileRef = 55FD4FF92929EE400022A158 /* TestConcurrencyApp.swift */; };
		55FD4FFC2929EE400022A158 /* ContentView.swift in Sources */ = {isa = PBXBuildFile; fileRef = 55FD4FFB2929EE400022A158 /* ContentView.swift */; };
		55FD4FFE2929EE410022A158 /* Assets.xcassets in Resources */ = {isa = PBXBuildFile; fileRef = 55FD4FFD2929EE410022A158 /* Assets.xcassets */; };
		55FD50022929EE410022A158 /* Preview Assets.xcassets in Resources */ = {isa = PBXBuildFile; fileRef = 55FD50012929EE410022A158 /* Preview Assets.xcassets */; };
		55FD500C2929EE410022A158 /* TestConcurrencyTests.swift in Sources */ = {isa = PBXBuildFile; fileRef = 55FD500B2929EE410022A158 /* TestConcurrencyTests.swift */; };
		55FD50162929EE410022A158 /* TestConcurrencyUITests.swift in Sources */ = {isa = PBXBuildFile; fileRef = 55FD50152929EE410022A158 /* TestConcurrencyUITests.swift */; };
		55FD50182929EE410022A158 /* TestConcurrencyUITestsLaunchTests.swift in Sources */ = {isa = PBXBuildFile; fileRef = 55FD50172929EE410022A158 /* TestConcurrencyUITestsLaunchTests.swift */; };
/* End PBXBuildFile section */

/* Begin PBXContainerItemProxy section */
		55FD50082929EE410022A158 /* PBXContainerItemProxy */ = {
			isa = PBXContainerItemProxy;
			containerPortal = 55FD4FEE2929EE400022A158 /* Project object */;
			proxyType = 1;
			remoteGlobalIDString = 55FD4FF52929EE400022A158;
			remoteInfo = TestConcurrency;
		};
		55FD50122929EE410022A158 /* PBXContainerItemProxy */ = {
			isa = PBXContainerItemProxy;
			containerPortal = 55FD4FEE2929EE400022A158 /* Project object */;
			proxyType = 1;
			remoteGlobalIDString = 55FD4FF52929EE400022A158;
			remoteInfo = TestConcurrency;
		};
/* End PBXContainerItemProxy section */

/* Begin PBXFileReference section */
		55FD4FF62929EE400022A158 /* TestConcurrency.app */ = {isa = PBXFileReference; explicitFileType = wrapper.application; includeInIndex = 0; path = TestConcurrency.app; sourceTree = BUILT_PRODUCTS_DIR; };
		55FD4FF92929EE400022A158 /* TestConcurrencyApp.swift */ = {isa = PBXFileReference; lastKnownFileType = sourcecode.swift; path = TestConcurrencyApp.swift; sourceTree = "<group>"; };
		55FD4FFB2929EE400022A158 /* ContentView.swift */ = {isa = PBXFileReference; lastKnownFileType = sourcecode.swift; path = ContentView.swift; sourceTree = "<group>"; };
		55FD4FFD2929EE410022A158 /* Assets.xcassets */ = {isa = PBXFileReference; lastKnownFileType = folder.assetcatalog; path = Assets.xcassets; sourceTree = "<group>"; };
		55FD4FFF2929EE410022A158 /* TestConcurrency.entitlements */ = {isa = PBXFileReference; lastKnownFileType = text.plist.entitlements; path = TestConcurrency.entitlements; sourceTree = "<group>"; };
		55FD50012929EE410022A158 /* Preview Assets.xcassets */ = {isa = PBXFileReference; lastKnownFileType = folder.assetcatalog; path = "Preview Assets.xcassets"; sourceTree = "<group>"; };
		55FD50072929EE410022A158 /* TestConcurrencyTests.xctest */ = {isa = PBXFileReference; explicitFileType = wrapper.cfbundle; includeInIndex = 0; path = TestConcurrencyTests.xctest; sourceTree = BUILT_PRODUCTS_DIR; };
		55FD500B2929EE410022A158 /* TestConcurrencyTests.swift */ = {isa = PBXFileReference; lastKnownFileType = sourcecode.swift; path = TestConcurrencyTests.swift; sourceTree = "<group>"; };
		55FD50112929EE410022A158 /* TestConcurrencyUITests.xctest */ = {isa = PBXFileReference; explicitFileType = wrapper.cfbundle; includeInIndex = 0; path = TestConcurrencyUITests.xctest; sourceTree = BUILT_PRODUCTS_DIR; };
		55FD50152929EE410022A158 /* TestConcurrencyUITests.swift */ = {isa = PBXFileReference; lastKnownFileType = sourcecode.swift; path = TestConcurrencyUITests.swift; sourceTree = "<group>"; };
		55FD50172929EE410022A158 /* TestConcurrencyUITestsLaunchTests.swift */ = {isa = PBXFileReference; lastKnownFileType = sourcecode.swift; path = TestConcurrencyUITestsLaunchTests.swift; sourceTree = "<group>"; };
/* End PBXFileReference section */

/* Begin PBXFrameworksBuildPhase section */
		55FD4FF32929EE400022A158 /* Frameworks */ = {
			isa = PBXFrameworksBuildPhase;
			buildActionMask = 2147483647;
			files = (
			);
			runOnlyForDeploymentPostprocessing = 0;
		};
		55FD50042929EE410022A158 /* Frameworks */ = {
			isa = PBXFrameworksBuildPhase;
			buildActionMask = 2147483647;
			files = (
			);
			runOnlyForDeploymentPostprocessing = 0;
		};
		55FD500E2929EE410022A158 /* Frameworks */ = {
			isa = PBXFrameworksBuildPhase;
			buildActionMask = 2147483647;
			files = (
			);
			runOnlyForDeploymentPostprocessing = 0;
		};
/* End PBXFrameworksBuildPhase section */

/* Begin PBXGroup section */
		55FD4FED2929EE400022A158 = {
			isa = PBXGroup;
			children = (
				55FD4FF82929EE400022A158 /* TestConcurrency */,
				55FD500A2929EE410022A158 /* TestConcurrencyTests */,
				55FD50142929EE410022A158 /* TestConcurrencyUITests */,
				55FD4FF72929EE400022A158 /* Products */,
			);
			sourceTree = "<group>";
		};
		55FD4FF72929EE400022A158 /* Products */ = {
			isa = PBXGroup;
			children = (
				55FD4FF62929EE400022A158 /* TestConcurrency.app */,
				55FD50072929EE410022A158 /* TestConcurrencyTests.xctest */,
				55FD50112929EE410022A158 /* TestConcurrencyUITests.xctest */,
			);
			name = Products;
			sourceTree = "<group>";
		};
		55FD4FF82929EE400022A158 /* TestConcurrency */ = {
			isa = PBXGroup;
			children = (
				55FD4FF92929EE400022A158 /* TestConcurrencyApp.swift */,
				55FD4FFB2929EE400022A158 /* ContentView.swift */,
				55FD4FFD2929EE410022A158 /* Assets.xcassets */,
				55FD4FFF2929EE410022A158 /* TestConcurrency.entitlements */,
				55FD50002929EE410022A158 /* Preview Content */,
			);
			path = TestConcurrency;
			sourceTree = "<group>";
		};
		55FD50002929EE410022A158 /* Preview Content */ = {
			isa = PBXGroup;
			children = (
				55FD50012929EE410022A158 /* Preview Assets.xcassets */,
			);
			path = "Preview Content";
			sourceTree = "<group>";
		};
		55FD500A2929EE410022A158 /* TestConcurrencyTests */ = {
			isa = PBXGroup;
			children = (
				55FD500B2929EE410022A158 /* TestConcurrencyTests.swift */,
			);
			path = TestConcurrencyTests;
			sourceTree = "<group>";
		};
		55FD50142929EE410022A158 /* TestConcurrencyUITests */ = {
			isa = PBXGroup;
			children = (
				55FD50152929EE410022A158 /* TestConcurrencyUITests.swift */,
				55FD50172929EE410022A158 /* TestConcurrencyUITestsLaunchTests.swift */,
			);
			path = TestConcurrencyUITests;
			sourceTree = "<group>";
		};
/* End PBXGroup section */

/* Begin PBXNativeTarget section */
		55FD4FF52929EE400022A158 /* TestConcurrency */ = {
			isa = PBXNativeTarget;
			buildConfigurationList = 55FD501B2929EE410022A158 /* Build configuration list for PBXNativeTarget "TestConcurrency" */;
			buildPhases = (
				55FD4FF22929EE400022A158 /* Sources */,
				55FD4FF32929EE400022A158 /* Frameworks */,
				55FD4FF42929EE400022A158 /* Resources */,
			);
			buildRules = (
			);
			dependencies = (
			);
			name = TestConcurrency;
			productName = TestConcurrency;
			productReference = 55FD4FF62929EE400022A158 /* TestConcurrency.app */;
			productType = "com.apple.product-type.application";
		};
		55FD50062929EE410022A158 /* TestConcurrencyTests */ = {
			isa = PBXNativeTarget;
			buildConfigurationList = 55FD501E2929EE410022A158 /* Build configuration list for PBXNativeTarget "TestConcurrencyTests" */;
			buildPhases = (
				55FD50032929EE410022A158 /* Sources */,
				55FD50042929EE410022A158 /* Frameworks */,
				55FD50052929EE410022A158 /* Resources */,
			);
			buildRules = (
			);
			dependencies = (
				55FD50092929EE410022A158 /* PBXTargetDependency */,
			);
			name = TestConcurrencyTests;
			productName = TestConcurrencyTests;
			productReference = 55FD50072929EE410022A158 /* TestConcurrencyTests.xctest */;
			productType = "com.apple.product-type.bundle.unit-test";
		};
		55FD50102929EE410022A158 /* TestConcurrencyUITests */ = {
			isa = PBXNativeTarget;
			buildConfigurationList = 55FD50212929EE410022A158 /* Build configuration list for PBXNativeTarget "TestConcurrencyUITests" */;
			buildPhases = (
				55FD500D2929EE410022A158 /* Sources */,
				55FD500E2929EE410022A158 /* Frameworks */,
				55FD500F2929EE410022A158 /* Resources */,
			);
			buildRules = (
			);
			dependencies = (
				55FD50132929EE410022A158 /* PBXTargetDependency */,
			);
			name = TestConcurrencyUITests;
			productName = TestConcurrencyUITests;
			productReference = 55FD50112929EE410022A158 /* TestConcurrencyUITests.xctest */;
			productType = "com.apple.product-type.bundle.ui-testing";
		};
/* End PBXNativeTarget section */

/* Begin PBXProject section */
		55FD4FEE2929EE400022A158 /* Project object */ = {
			isa = PBXProject;
			attributes = {
				BuildIndependentTargetsInParallel = 1;
				LastSwiftUpdateCheck = 1410;
				LastUpgradeCheck = 1410;
				TargetAttributes = {
					55FD4FF52929EE400022A158 = {
						CreatedOnToolsVersion = 14.1;
					};
					55FD50062929EE410022A158 = {
						CreatedOnToolsVersion = 14.1;
						TestTargetID = 55FD4FF52929EE400022A158;
					};
					55FD50102929EE410022A158 = {
						CreatedOnToolsVersion = 14.1;
						TestTargetID = 55FD4FF52929EE400022A158;
					};
				};
			};
			buildConfigurationList = 55FD4FF12929EE400022A158 /* Build configuration list for PBXProject "TestConcurrency" */;
			compatibilityVersion = "Xcode 14.0";
			developmentRegion = en;
			hasScannedForEncodings = 0;
			knownRegions = (
				en,
				Base,
			);
			mainGroup = 55FD4FED2929EE400022A158;
			productRefGroup = 55FD4FF72929EE400022A158 /* Products */;
			projectDirPath = "";
			projectRoot = "";
			targets = (
				55FD4FF52929EE400022A158 /* TestConcurrency */,
				55FD50062929EE410022A158 /* TestConcurrencyTests */,
				55FD50102929EE410022A158 /* TestConcurrencyUITests */,
			);
		};
/* End PBXProject section */

/* Begin PBXResourcesBuildPhase section */
		55FD4FF42929EE400022A158 /* Resources */ = {
			isa = PBXResourcesBuildPhase;
			buildActionMask = 2147483647;
			files = (
				55FD50022929EE410022A158 /* Preview Assets.xcassets in Resources */,
				55FD4FFE2929EE410022A158 /* Assets.xcassets in Resources */,
			);
			runOnlyForDeploymentPostprocessing = 0;
		};
		55FD50052929EE410022A158 /* Resources */ = {
			isa = PBXResourcesBuildPhase;
			buildActionMask = 2147483647;
			files = (
			);
			runOnlyForDeploymentPostprocessing = 0;
		};
		55FD500F2929EE410022A158 /* Resources */ = {
			isa = PBXResourcesBuildPhase;
			buildActionMask = 2147483647;
			files = (
			);
			runOnlyForDeploymentPostprocessing = 0;
		};
/* End PBXResourcesBuildPhase section */

/* Begin PBXSourcesBuildPhase section */
		55FD4FF22929EE400022A158 /* Sources */ = {
			isa = PBXSourcesBuildPhase;
			buildActionMask = 2147483647;
			files = (
				55FD4FFC2929EE400022A158 /* ContentView.swift in Sources */,
				55FD4FFA2929EE400022A158 /* TestConcurrencyApp.swift in Sources */,
			);
			runOnlyForDeploymentPostprocessing = 0;
		};
		55FD50032929EE410022A158 /* Sources */ = {
			isa = PBXSourcesBuildPhase;
			buildActionMask = 2147483647;
			files = (
				55FD500C2929EE410022A158 /* TestConcurrencyTests.swift in Sources */,
			);
			runOnlyForDeploymentPostprocessing = 0;
		};
		55FD500D2929EE410022A158 /* Sources */ = {
			isa = PBXSourcesBuildPhase;
			buildActionMask = 2147483647;
			files = (
				55FD50182929EE410022A158 /* TestConcurrencyUITestsLaunchTests.swift in Sources */,
				55FD50162929EE410022A158 /* TestConcurrencyUITests.swift in Sources */,
			);
			runOnlyForDeploymentPostprocessing = 0;
		};
/* End PBXSourcesBuildPhase section */

/* Begin PBXTargetDependency section */
		55FD50092929EE410022A158 /* PBXTargetDependency */ = {
			isa = PBXTargetDependency;
			target = 55FD4FF52929EE400022A158 /* TestConcurrency */;
			targetProxy = 55FD50082929EE410022A158 /* PBXContainerItemProxy */;
		};
		55FD50132929EE410022A158 /* PBXTargetDependency */ = {
			isa = PBXTargetDependency;
			target = 55FD4FF52929EE400022A158 /* TestConcurrency */;
			targetProxy = 55FD50122929EE410022A158 /* PBXContainerItemProxy */;
		};
/* End PBXTargetDependency section */

/* Begin XCBuildConfiguration section */
		55FD50192929EE410022A158 /* Debug */ = {
			isa = XCBuildConfiguration;
			buildSettings = {
				ALWAYS_SEARCH_USER_PATHS = NO;
				CLANG_ANALYZER_NONNULL = YES;
				CLANG_ANALYZER_NUMBER_OBJECT_CONVERSION = YES_AGGRESSIVE;
				CLANG_CXX_LANGUAGE_STANDARD = "gnu++20";
				CLANG_ENABLE_MODULES = YES;
				CLANG_ENABLE_OBJC_ARC = YES;
				CLANG_ENABLE_OBJC_WEAK = YES;
				CLANG_WARN_BLOCK_CAPTURE_AUTORELEASING = YES;
				CLANG_WARN_BOOL_CONVERSION = YES;
				CLANG_WARN_COMMA = YES;
				CLANG_WARN_CONSTANT_CONVERSION = YES;
				CLANG_WARN_DEPRECATED_OBJC_IMPLEMENTATIONS = YES;
				CLANG_WARN_DIRECT_OBJC_ISA_USAGE = YES_ERROR;
				CLANG_WARN_DOCUMENTATION_COMMENTS = YES;
				CLANG_WARN_EMPTY_BODY = YES;
				CLANG_WARN_ENUM_CONVERSION = YES;
				CLANG_WARN_INFINITE_RECURSION = YES;
				CLANG_WARN_INT_CONVERSION = YES;
				CLANG_WARN_NON_LITERAL_NULL_CONVERSION = YES;
				CLANG_WARN_OBJC_IMPLICIT_RETAIN_SELF = YES;
				CLANG_WARN_OBJC_LITERAL_CONVERSION = YES;
				CLANG_WARN_OBJC_ROOT_CLASS = YES_ERROR;
				CLANG_WARN_QUOTED_INCLUDE_IN_FRAMEWORK_HEADER = YES;
				CLANG_WARN_RANGE_LOOP_ANALYSIS = YES;
				CLANG_WARN_STRICT_PROTOTYPES = YES;
				CLANG_WARN_SUSPICIOUS_MOVE = YES;
				CLANG_WARN_UNGUARDED_AVAILABILITY = YES_AGGRESSIVE;
				CLANG_WARN_UNREACHABLE_CODE = YES;
				CLANG_WARN__DUPLICATE_METHOD_MATCH = YES;
				COPY_PHASE_STRIP = NO;
				DEBUG_INFORMATION_FORMAT = dwarf;
				ENABLE_STRICT_OBJC_MSGSEND = YES;
				ENABLE_TESTABILITY = YES;
				GCC_C_LANGUAGE_STANDARD = gnu11;
				GCC_DYNAMIC_NO_PIC = NO;
				GCC_NO_COMMON_BLOCKS = YES;
				GCC_OPTIMIZATION_LEVEL = 0;
				GCC_PREPROCESSOR_DEFINITIONS = (
					"DEBUG=1",
					"$(inherited)",
				);
				GCC_WARN_64_TO_32_BIT_CONVERSION = YES;
				GCC_WARN_ABOUT_RETURN_TYPE = YES_ERROR;
				GCC_WARN_UNDECLARED_SELECTOR = YES;
				GCC_WARN_UNINITIALIZED_AUTOS = YES_AGGRESSIVE;
				GCC_WARN_UNUSED_FUNCTION = YES;
				GCC_WARN_UNUSED_VARIABLE = YES;
				MTL_ENABLE_DEBUG_INFO = INCLUDE_SOURCE;
				MTL_FAST_MATH = YES;
				ONLY_ACTIVE_ARCH = YES;
				SWIFT_ACTIVE_COMPILATION_CONDITIONS = DEBUG;
				SWIFT_OPTIMIZATION_LEVEL = "-Onone";
			};
			name = Debug;
		};
		55FD501A2929EE410022A158 /* Release */ = {
			isa = XCBuildConfiguration;
			buildSettings = {
				ALWAYS_SEARCH_USER_PATHS = NO;
				CLANG_ANALYZER_NONNULL = YES;
				CLANG_ANALYZER_NUMBER_OBJECT_CONVERSION = YES_AGGRESSIVE;
				CLANG_CXX_LANGUAGE_STANDARD = "gnu++20";
				CLANG_ENABLE_MODULES = YES;
				CLANG_ENABLE_OBJC_ARC = YES;
				CLANG_ENABLE_OBJC_WEAK = YES;
				CLANG_WARN_BLOCK_CAPTURE_AUTORELEASING = YES;
				CLANG_WARN_BOOL_CONVERSION = YES;
				CLANG_WARN_COMMA = YES;
				CLANG_WARN_CONSTANT_CONVERSION = YES;
				CLANG_WARN_DEPRECATED_OBJC_IMPLEMENTATIONS = YES;
				CLANG_WARN_DIRECT_OBJC_ISA_USAGE = YES_ERROR;
				CLANG_WARN_DOCUMENTATION_COMMENTS = YES;
				CLANG_WARN_EMPTY_BODY = YES;
				CLANG_WARN_ENUM_CONVERSION = YES;
				CLANG_WARN_INFINITE_RECURSION = YES;
				CLANG_WARN_INT_CONVERSION = YES;
				CLANG_WARN_NON_LITERAL_NULL_CONVERSION = YES;
				CLANG_WARN_OBJC_IMPLICIT_RETAIN_SELF = YES;
				CLANG_WARN_OBJC_LITERAL_CONVERSION = YES;
				CLANG_WARN_OBJC_ROOT_CLASS = YES_ERROR;
				CLANG_WARN_QUOTED_INCLUDE_IN_FRAMEWORK_HEADER = YES;
				CLANG_WARN_RANGE_LOOP_ANALYSIS = YES;
				CLANG_WARN_STRICT_PROTOTYPES = YES;
				CLANG_WARN_SUSPICIOUS_MOVE = YES;
				CLANG_WARN_UNGUARDED_AVAILABILITY = YES_AGGRESSIVE;
				CLANG_WARN_UNREACHABLE_CODE = YES;
				CLANG_WARN__DUPLICATE_METHOD_MATCH = YES;
				COPY_PHASE_STRIP = NO;
				DEBUG_INFORMATION_FORMAT = "dwarf-with-dsym";
				ENABLE_NS_ASSERTIONS = NO;
				ENABLE_STRICT_OBJC_MSGSEND = YES;
				GCC_C_LANGUAGE_STANDARD = gnu11;
				GCC_NO_COMMON_BLOCKS = YES;
				GCC_WARN_64_TO_32_BIT_CONVERSION = YES;
				GCC_WARN_ABOUT_RETURN_TYPE = YES_ERROR;
				GCC_WARN_UNDECLARED_SELECTOR = YES;
				GCC_WARN_UNINITIALIZED_AUTOS = YES_AGGRESSIVE;
				GCC_WARN_UNUSED_FUNCTION = YES;
				GCC_WARN_UNUSED_VARIABLE = YES;
				MTL_ENABLE_DEBUG_INFO = NO;
				MTL_FAST_MATH = YES;
				SWIFT_COMPILATION_MODE = wholemodule;
				SWIFT_OPTIMIZATION_LEVEL = "-O";
			};
			name = Release;
		};
		55FD501C2929EE410022A158 /* Debug */ = {
			isa = XCBuildConfiguration;
			buildSettings = {
				ASSETCATALOG_COMPILER_APPICON_NAME = AppIcon;
				ASSETCATALOG_COMPILER_GLOBAL_ACCENT_COLOR_NAME = AccentColor;
				CODE_SIGN_ENTITLEMENTS = TestConcurrency/TestConcurrency.entitlements;
				CODE_SIGN_STYLE = Automatic;
				CURRENT_PROJECT_VERSION = 1;
				DEVELOPMENT_ASSET_PATHS = "\"TestConcurrency/Preview Content\"";
				DEVELOPMENT_TEAM = 5NG4S6GGD6;
				ENABLE_HARDENED_RUNTIME = YES;
				ENABLE_PREVIEWS = YES;
				GENERATE_INFOPLIST_FILE = YES;
				"INFOPLIST_KEY_UIApplicationSceneManifest_Generation[sdk=iphoneos*]" = YES;
				"INFOPLIST_KEY_UIApplicationSceneManifest_Generation[sdk=iphonesimulator*]" = YES;
				"INFOPLIST_KEY_UIApplicationSupportsIndirectInputEvents[sdk=iphoneos*]" = YES;
				"INFOPLIST_KEY_UIApplicationSupportsIndirectInputEvents[sdk=iphonesimulator*]" = YES;
				"INFOPLIST_KEY_UILaunchScreen_Generation[sdk=iphoneos*]" = YES;
				"INFOPLIST_KEY_UILaunchScreen_Generation[sdk=iphonesimulator*]" = YES;
				"INFOPLIST_KEY_UIStatusBarStyle[sdk=iphoneos*]" = UIStatusBarStyleDefault;
				"INFOPLIST_KEY_UIStatusBarStyle[sdk=iphonesimulator*]" = UIStatusBarStyleDefault;
				INFOPLIST_KEY_UISupportedInterfaceOrientations_iPad = "UIInterfaceOrientationPortrait UIInterfaceOrientationPortraitUpsideDown UIInterfaceOrientationLandscapeLeft UIInterfaceOrientationLandscapeRight";
				INFOPLIST_KEY_UISupportedInterfaceOrientations_iPhone = "UIInterfaceOrientationPortrait UIInterfaceOrientationLandscapeLeft UIInterfaceOrientationLandscapeRight";
				IPHONEOS_DEPLOYMENT_TARGET = 16.1;
				LD_RUNPATH_SEARCH_PATHS = "@executable_path/Frameworks";
				"LD_RUNPATH_SEARCH_PATHS[sdk=macosx*]" = "@executable_path/../Frameworks";
				MACOSX_DEPLOYMENT_TARGET = 13.0;
				MARKETING_VERSION = 1.0;
				PRODUCT_BUNDLE_IDENTIFIER = com.sakiwei.TestConcurrency;
				PRODUCT_NAME = "$(TARGET_NAME)";
				SDKROOT = auto;
				SUPPORTED_PLATFORMS = "iphoneos iphonesimulator macosx";
				SWIFT_EMIT_LOC_STRINGS = YES;
				SWIFT_VERSION = 5.0;
				TARGETED_DEVICE_FAMILY = "1,2";
			};
			name = Debug;
		};
		55FD501D2929EE410022A158 /* Release */ = {
			isa = XCBuildConfiguration;
			buildSettings = {
				ASSETCATALOG_COMPILER_APPICON_NAME = AppIcon;
				ASSETCATALOG_COMPILER_GLOBAL_ACCENT_COLOR_NAME = AccentColor;
				CODE_SIGN_ENTITLEMENTS = TestConcurrency/TestConcurrency.entitlements;
				CODE_SIGN_STYLE = Automatic;
				CURRENT_PROJECT_VERSION = 1;
				DEVELOPMENT_ASSET_PATHS = "\"TestConcurrency/Preview Content\"";
				DEVELOPMENT_TEAM = 5NG4S6GGD6;
				ENABLE_HARDENED_RUNTIME = YES;
				ENABLE_PREVIEWS = YES;
				GENERATE_INFOPLIST_FILE = YES;
				"INFOPLIST_KEY_UIApplicationSceneManifest_Generation[sdk=iphoneos*]" = YES;
				"INFOPLIST_KEY_UIApplicationSceneManifest_Generation[sdk=iphonesimulator*]" = YES;
				"INFOPLIST_KEY_UIApplicationSupportsIndirectInputEvents[sdk=iphoneos*]" = YES;
				"INFOPLIST_KEY_UIApplicationSupportsIndirectInputEvents[sdk=iphonesimulator*]" = YES;
				"INFOPLIST_KEY_UILaunchScreen_Generation[sdk=iphoneos*]" = YES;
				"INFOPLIST_KEY_UILaunchScreen_Generation[sdk=iphonesimulator*]" = YES;
				"INFOPLIST_KEY_UIStatusBarStyle[sdk=iphoneos*]" = UIStatusBarStyleDefault;
				"INFOPLIST_KEY_UIStatusBarStyle[sdk=iphonesimulator*]" = UIStatusBarStyleDefault;
				INFOPLIST_KEY_UISupportedInterfaceOrientations_iPad = "UIInterfaceOrientationPortrait UIInterfaceOrientationPortraitUpsideDown UIInterfaceOrientationLandscapeLeft UIInterfaceOrientationLandscapeRight";
				INFOPLIST_KEY_UISupportedInterfaceOrientations_iPhone = "UIInterfaceOrientationPortrait UIInterfaceOrientationLandscapeLeft UIInterfaceOrientationLandscapeRight";
				IPHONEOS_DEPLOYMENT_TARGET = 16.1;
				LD_RUNPATH_SEARCH_PATHS = "@executable_path/Frameworks";
				"LD_RUNPATH_SEARCH_PATHS[sdk=macosx*]" = "@executable_path/../Frameworks";
				MACOSX_DEPLOYMENT_TARGET = 13.0;
				MARKETING_VERSION = 1.0;
				PRODUCT_BUNDLE_IDENTIFIER = com.sakiwei.TestConcurrency;
				PRODUCT_NAME = "$(TARGET_NAME)";
				SDKROOT = auto;
				SUPPORTED_PLATFORMS = "iphoneos iphonesimulator macosx";
				SWIFT_EMIT_LOC_STRINGS = YES;
				SWIFT_VERSION = 5.0;
				TARGETED_DEVICE_FAMILY = "1,2";
			};
			name = Release;
		};
		55FD501F2929EE410022A158 /* Debug */ = {
			isa = XCBuildConfiguration;
			buildSettings = {
				ALWAYS_EMBED_SWIFT_STANDARD_LIBRARIES = YES;
				BUNDLE_LOADER = "$(TEST_HOST)";
				CODE_SIGN_STYLE = Automatic;
				CURRENT_PROJECT_VERSION = 1;
				DEVELOPMENT_TEAM = 5NG4S6GGD6;
				GENERATE_INFOPLIST_FILE = YES;
				IPHONEOS_DEPLOYMENT_TARGET = 16.1;
				MACOSX_DEPLOYMENT_TARGET = 13.0;
				MARKETING_VERSION = 1.0;
				PRODUCT_BUNDLE_IDENTIFIER = com.sakiwei.TestConcurrencyTests;
				PRODUCT_NAME = "$(TARGET_NAME)";
				SDKROOT = auto;
				SUPPORTED_PLATFORMS = "iphoneos iphonesimulator macosx";
				SWIFT_EMIT_LOC_STRINGS = NO;
				SWIFT_VERSION = 5.0;
				TARGETED_DEVICE_FAMILY = "1,2";
				TEST_HOST = "$(BUILT_PRODUCTS_DIR)/TestConcurrency.app/$(BUNDLE_EXECUTABLE_FOLDER_PATH)/TestConcurrency";
			};
			name = Debug;
		};
		55FD50202929EE410022A158 /* Release */ = {
			isa = XCBuildConfiguration;
			buildSettings = {
				ALWAYS_EMBED_SWIFT_STANDARD_LIBRARIES = YES;
				BUNDLE_LOADER = "$(TEST_HOST)";
				CODE_SIGN_STYLE = Automatic;
				CURRENT_PROJECT_VERSION = 1;
				DEVELOPMENT_TEAM = 5NG4S6GGD6;
				GENERATE_INFOPLIST_FILE = YES;
				IPHONEOS_DEPLOYMENT_TARGET = 16.1;
				MACOSX_DEPLOYMENT_TARGET = 13.0;
				MARKETING_VERSION = 1.0;
				PRODUCT_BUNDLE_IDENTIFIER = com.sakiwei.TestConcurrencyTests;
				PRODUCT_NAME = "$(TARGET_NAME)";
				SDKROOT = auto;
				SUPPORTED_PLATFORMS = "iphoneos iphonesimulator macosx";
				SWIFT_EMIT_LOC_STRINGS = NO;
				SWIFT_VERSION = 5.0;
				TARGETED_DEVICE_FAMILY = "1,2";
				TEST_HOST = "$(BUILT_PRODUCTS_DIR)/TestConcurrency.app/$(BUNDLE_EXECUTABLE_FOLDER_PATH)/TestConcurrency";
			};
			name = Release;
		};
		55FD50222929EE410022A158 /* Debug */ = {
			isa = XCBuildConfiguration;
			buildSettings = {
				ALWAYS_EMBED_SWIFT_STANDARD_LIBRARIES = YES;
				CODE_SIGN_STYLE = Automatic;
				CURRENT_PROJECT_VERSION = 1;
				DEVELOPMENT_TEAM = 5NG4S6GGD6;
				GENERATE_INFOPLIST_FILE = YES;
				IPHONEOS_DEPLOYMENT_TARGET = 16.1;
				MACOSX_DEPLOYMENT_TARGET = 13.0;
				MARKETING_VERSION = 1.0;
				PRODUCT_BUNDLE_IDENTIFIER = com.sakiwei.TestConcurrencyUITests;
				PRODUCT_NAME = "$(TARGET_NAME)";
				SDKROOT = auto;
				SUPPORTED_PLATFORMS = "iphoneos iphonesimulator macosx";
				SWIFT_EMIT_LOC_STRINGS = NO;
				SWIFT_VERSION = 5.0;
				TARGETED_DEVICE_FAMILY = "1,2";
				TEST_TARGET_NAME = TestConcurrency;
			};
			name = Debug;
		};
		55FD50232929EE410022A158 /* Release */ = {
			isa = XCBuildConfiguration;
			buildSettings = {
				ALWAYS_EMBED_SWIFT_STANDARD_LIBRARIES = YES;
				CODE_SIGN_STYLE = Automatic;
				CURRENT_PROJECT_VERSION = 1;
				DEVELOPMENT_TEAM = 5NG4S6GGD6;
				GENERATE_INFOPLIST_FILE = YES;
				IPHONEOS_DEPLOYMENT_TARGET = 16.1;
				MACOSX_DEPLOYMENT_TARGET = 13.0;
				MARKETING_VERSION = 1.0;
				PRODUCT_BUNDLE_IDENTIFIER = com.sakiwei.TestConcurrencyUITests;
				PRODUCT_NAME = "$(TARGET_NAME)";
				SDKROOT = auto;
				SUPPORTED_PLATFORMS = "iphoneos iphonesimulator macosx";
				SWIFT_EMIT_LOC_STRINGS = NO;
				SWIFT_VERSION = 5.0;
				TARGETED_DEVICE_FAMILY = "1,2";
				TEST_TARGET_NAME = TestConcurrency;
			};
			name = Release;
		};
/* End XCBuildConfiguration section */

/* Begin XCConfigurationList section */
		55FD4FF12929EE400022A158 /* Build configuration list for PBXProject "TestConcurrency" */ = {
			isa = XCConfigurationList;
			buildConfigurations = (
				55FD50192929EE410022A158 /* Debug */,
				55FD501A2929EE410022A158 /* Release */,
			);
			defaultConfigurationIsVisible = 0;
			defaultConfigurationName = Release;
		};
		55FD501B2929EE410022A158 /* Build configuration list for PBXNativeTarget "TestConcurrency" */ = {
			isa = XCConfigurationList;
			buildConfigurations = (
				55FD501C2929EE410022A158 /* Debug */,
				55FD501D2929EE410022A158 /* Release */,
			);
			defaultConfigurationIsVisible = 0;
			defaultConfigurationName = Release;
		};
		55FD501E2929EE410022A158 /* Build configuration list for PBXNativeTarget "TestConcurrencyTests" */ = {
			isa = XCConfigurationList;
			buildConfigurations = (
				55FD501F2929EE410022A158 /* Debug */,
				55FD50202929EE410022A158 /* Release */,
			);
			defaultConfigurationIsVisible = 0;
			defaultConfigurationName = Release;
		};
		55FD50212929EE410022A158 /* Build configuration list for PBXNativeTarget "TestConcurrencyUITests" */ = {
			isa = XCConfigurationList;
			buildConfigurations = (
				55FD50222929EE410022A158 /* Debug */,
				55FD50232929EE410022A158 /* Release */,
			);
			defaultConfigurationIsVisible = 0;
			defaultConfigurationName = Release;
		};
/* End XCConfigurationList section */
	};
	rootObject = 55FD4FEE2929EE400022A158 /* Project object */;
}
